{
  "requires": true,
  "lockfileVersion": 1,
  "dependencies": {
    "@dangvanthanh/vue-clock": {
      "version": "0.2.3",
      "resolved": "https://registry.npmjs.org/@dangvanthanh/vue-clock/-/vue-clock-0.2.3.tgz",
      "integrity": "sha512-szbmZNcn6/4KcS4011AcVD14FdX5uQrFjRm1h3eQARzk9FMqZ13ij9DL5pVtGgn0nCZuBTmunRkMI6uAy0ivSQ=="
    },
    "uuid": {
      "version": "3.4.0",
      "resolved": "https://registry.npmjs.org/uuid/-/uuid-3.4.0.tgz",
      "integrity": "sha512-HjSDRw6gZE5JMggctHBcjVak08+KEVhSIiDzFnT9S9aegmp85S/bReBVTb4QTFaRNptJ9kuYaNhnbNEOkbKb/A=="
    },
    "vue2-flip-countdown": {
      "version": "0.12.1",
      "resolved": "https://registry.npmjs.org/vue2-flip-countdown/-/vue2-flip-countdown-0.12.1.tgz",
      "integrity": "sha512-kS3A86VMUjsG2FGnqv/AO4UTLKAAwutqh1dOTPfjSRiUfsgLO+9gmhLSeo+qSBoQYpCxccq44G/IsoRef8kywQ==",
      "requires": {
        "uuid": "^3.3.2"
      }
    }
  }
}
