{
  "requires": true,
  "lockfileVersion": 1,
  "dependencies": {
    "@dangvanthanh/vue-clock": {
      "version": "0.2.3",
      "resolved": "https://registry.npmjs.org/@dangvanthanh/vue-clock/-/vue-clock-0.2.3.tgz",
      "integrity": "sha512-szbmZNcn6/4KcS4011AcVD14FdX5uQrFjRm1h3eQARzk9FMqZ13ij9DL5pVtGgn0nCZuBTmunRkMI6uAy0ivSQ=="
    }
  }
}
